
Microsoft Visual Studio Solution File, Format Version 12.00
# Visual Studio Version 16
VisualStudioVersion = 16.0.29609.76
MinimumVisualStudioVersion = 10.0.40219.1
Project("{FAE04EC0-301F-11D3-BF4B-00C04F79EFBC}") = "MainDatingApp", "MainDatingApp.csproj", "{4C47C9C0-8E95-40FA-8BAB-42B856A0276E}"
EndProject
Global
	GlobalSection(SolutionConfigurationPlatforms) = preSolution
		Debug|Any CPU = Debug|Any CPU
		Release|Any CPU = Release|Any CPU
	EndGlobalSection
	GlobalSection(ProjectConfigurationPlatforms) = postSolution
		{4C47C9C0-8E95-40FA-8BAB-42B856A0276E}.Debug|Any CPU.ActiveCfg = Debug|Any CPU
		{4C47C9C0-8E95-40FA-8BAB-42B856A0276E}.Debug|Any CPU.Build.0 = Debug|Any CPU
		{4C47C9C0-8E95-40FA-8BAB-42B856A0276E}.Release|Any CPU.ActiveCfg = Release|Any CPU
		{4C47C9C0-8E95-40FA-8BAB-42B856A0276E}.Release|Any CPU.Build.0 = Release|Any CPU
	EndGlobalSection
	GlobalSection(SolutionProperties) = preSolution
		HideSolutionNode = FALSE
	EndGlobalSection
	GlobalSection(ExtensibilityGlobals) = postSolution
		SolutionGuid = {61479561-C977-4330-9A1A-2DFCA7FC344C}
	EndGlobalSection
EndGlobal
